{
    "_meta": {
        "hash": {
            "sha256": "36e7003c5ac120369d39b2f0492c1259dbd072de7014852082c39dd7bb82b78f"
        },
        "pipfile-spec": 6,
        "requires": {
            "python_version": "3.7"
        },
        "sources": [
            {
                "name": "pypi",
                "url": "https://pypi.org/simple",
                "verify_ssl": true
            }
        ]
    },
    "default": {
        "absl-py": {
            "hashes": [
                "sha256:565a2c1be855e466e697e1be6b9876c2435dda926954d1de4abf0d592561ece8",
                "sha256:eb0383bd431c0d7b2320179904cab00120a10977e3c9671d99efbbed17efb55a"
            ],
            "version": "==0.14.1"
        },
        "astor": {
            "hashes": [
                "sha256:070a54e890cefb5b3739d19f30f5a5ec840ffc9c50ffa7d23cc9fc1a38ebbfc5",
                "sha256:6a6effda93f4e1ce9f618779b2dd1d9d84f1e32812c23a29b3fff6fd7f63fa5e"
            ],
            "markers": "python_version >= '2.7' and python_version not in '3.0, 3.1, 3.2, 3.3'",
            "version": "==0.8.1"
        },
        "cached-property": {
            "hashes": [
                "sha256:9fa5755838eecbb2d234c3aa390bd80fbd3ac6b6869109bfc1b499f7bd89a130",
                "sha256:df4f613cf7ad9a588cc381aaf4a512d26265ecebd5eb9e1ba12f1319eb85a6a0"
            ],
            "markers": "python_version < '3.8'",
            "version": "==1.5.2"
        },
        "cycler": {
            "hashes": [
                "sha256:1d8a5ae1ff6c5cf9b93e8811e581232ad8920aeec647c37316ceac982b08cb2d",
                "sha256:cd7b2d1018258d7247a71425e9f26463dfb444d411c39569972f4ce586b0c9d8"
            ],
            "version": "==0.10.0"
        },
        "gast": {
            "hashes": [
                "sha256:fe939df4583692f0512161ec1c880e0a10e71e6a232da045ab8edd3756fbadf0"
            ],
            "version": "==0.2.2"
        },
        "google-pasta": {
            "hashes": [
                "sha256:4612951da876b1a10fe3960d7226f0c7682cf901e16ac06e473b267a5afa8954",
                "sha256:b32482794a366b5366a32c92a9a9201b107821889935a02b3e51f6b432ea84ed",
                "sha256:c9f2c8dfc8f96d0d5808299920721be30c9eec37f2389f28904f454565c8a16e"
            ],
            "version": "==0.2.0"
        },
        "grpcio": {
            "hashes": [
                "sha256:056806e83eaa09d0af0e452dd353db8f7c90aa2dedcce1112a2d21592550f6b1",
                "sha256:07594e585a5ba25cf331ddb63095ca51010c34e328a822cb772ffbd5daa62cb5",
                "sha256:0abd56d90dff3ed566807520de1385126dded21e62d3490a34c180a91f94c1f4",
                "sha256:15c04d695833c739dbb25c88eaf6abd9a461ec0dbd32f44bc8769335a495cf5a",
                "sha256:1820845e7e6410240eff97742e9f76cd5bf10ca01d36a322e86c0bd5340ac25b",
                "sha256:1bcbeac764bbae329bc2cc9e95d0f4d3b0fb456b92cf12e7e06e3e860a4b31cf",
                "sha256:2410000eb57cf76b05b37d2aee270b686f0a7876710850a2bba92b4ed133e026",
                "sha256:2882b62f74de8c8a4f7b2be066f6230ecc46f4edc8f42db1fb7358200abe3b25",
                "sha256:297ee755d3c6cd7e7d3770f298f4d4d4b000665943ae6d2888f7407418a9a510",
                "sha256:39ce785f0cbd07966a9019386b7a054615b2da63da3c7727f371304d000a1890",
                "sha256:3a92e4df5330cd384984e04804104ae34f521345917813aa86fc0930101a3697",
                "sha256:3bbeee115b05b22f6a9fa9bc78f9ab8d9d6bb8c16fdfc60401fc8658beae1099",
                "sha256:4537bb9e35af62c5189493792a8c34d127275a6d175c8ad48b6314cacba4021e",
                "sha256:462178987f0e5c60d6d1b79e4e95803a4cd789db961d6b3f087245906bb5ae04",
                "sha256:5292a627b44b6d3065de4a364ead23bab3c9d7a7c05416a9de0c0624d0fe03f4",
                "sha256:5502832b7cec670a880764f51a335a19b10ff5ab2e940e1ded67f39b88aa02b1",
                "sha256:585847ed190ea9cb4d632eb0ebf58f1d299bbca5e03284bc3d0fa08bab6ea365",
                "sha256:59645b2d9f19b5ff30cb46ddbcaa09c398f9cd81e4e476b21c7c55ae1e942807",
                "sha256:5d4b30d068b022e412adcf9b14c0d9bcbc872e9745b91467edc0a4c700a8bba6",
                "sha256:7033199706526e7ee06a362e38476dfdf2ddbad625c19b67ed30411d1bb25a18",
                "sha256:7b07cbbd4eea56738e995fcbba3b60e41fd9aa9dac937fb7985c5dcbc7626260",
                "sha256:7da3f6f6b857399c9ad85bcbffc83189e547a0a1a777ab68f5385154f8bc1ed4",
                "sha256:83c1e731c2b76f26689ad88534cafefe105dcf385567bead08f5857cb308246b",
                "sha256:9674a9d3f23702e35a89e22504f41b467893cf704f627cc9cdd118cf1dcc8e26",
                "sha256:9ecd0fc34aa46eeac24f4d20e67bafaf72ca914f99690bf2898674905eaddaf9",
                "sha256:a0c4bdd1d646365d10ba1468bcf234ea5ad46e8ce2b115983e8563248614910a",
                "sha256:a144f6cecbb61aace12e5920840338a3d246123a41d795e316e2792e9775ad15",
                "sha256:a3cd7f945d3e3b82ebd2a4c9862eb9891a5ac87f84a7db336acbeafd86e6c402",
                "sha256:a614224719579044bd7950554d3b4c1793bb5715cbf0f0399b1f21d283c40ef6",
                "sha256:ace080a9c3c673c42adfd2116875a63fec9613797be01a6105acf7721ed0c693",
                "sha256:b2de4e7b5a930be04a4d05c9f5fce7e9191217ccdc174b026c2a7928770dca9f",
                "sha256:b6b68c444abbaf4a2b944a61cf35726ab9645f45d416bcc7cf4addc4b2f2d53d",
                "sha256:be3c6ac822edb509aeef41361ca9c8c5ee52cb9e4973e1977d2bb7d6a460fd97",
                "sha256:c07acd49541f5f6f9984fe0adf162d77bf70e0f58e77f9960c6f571314ff63a4",
                "sha256:c1e0a4c86d4cbd93059d5eeceed6e1c2e3e1494e1bf40be9b8ab14302c576162",
                "sha256:c8c5bc498f6506b6041c30afb7a55c57a9fd535d1a0ac7cdba9b5fd791a85633",
                "sha256:c95dd6e60e059ff770a2ac9f5a202b75dd64d76b0cd0c48f27d58907e43ed6a6",
                "sha256:ccd2f1cf11768d1f6fbe4e13e8b8fb0ccfe9914ceeff55a367d5571e82eeb543",
                "sha256:d0cc0393744ce3ce1b237ae773635cc928470ff46fb0d3f677e337a38e5ed4f6",
                "sha256:d539ebd05a2bbfbf897d41738d37d162d5c3d9f2b1f8ddf2c4f75e2c9cf59907",
                "sha256:d71aa430b2ac40e18e388504ac34cc91d49d811855ca507c463a21059bf364f0",
                "sha256:dcb5f324712a104aca4a459e524e535f205f36deb8005feb4f9d3ff0a22b5177",
                "sha256:e516124010ef60d5fc2e0de0f1f987599249dc55fd529001f17f776a4145767f",
                "sha256:fb64abf0d92134cb0ba4496a3b7ab918588eee42de20e5b3507fe6ee16db97ee"
            ],
            "version": "==1.41.0"
        },
        "h5py": {
            "hashes": [
                "sha256:0b0f002f5f341afe7d3d7e15198e80d9021da24a4d182d88068d79bfc91fba86",
                "sha256:1edf33e722d47c6eb3878d51173b23dd848939f006f41b498bafceff87fb4cbd",
                "sha256:46917f20021dde02865572a5fd2bb620945f7b7cd268bdc8e3f5720c32b38140",
                "sha256:708ddff49af12c01d77e0f9782bb1a0364d96459ec0d1f85d90baea6d203764b",
                "sha256:8745e5159830d7975a9cf38690455f22601509cda04de29b7e88b3fbdc747611",
                "sha256:8e809149f95d9a3a33b1279bfbf894c78635a5497e8d5ac37420fa5ec0cf4f29",
                "sha256:aa511bd05a9174c3008becdc93bd5785e254d34a6ab5f0425e6b2fbbc88afa6d",
                "sha256:bb4ce46095e3b16c872aaf62adad33f40039fecae04674eb62c035386affcb91",
                "sha256:be2a545f09074546f73305e0db6d36aaf1fb6ea2fcf1add2ce306b9c7f78e55a",
                "sha256:ee1c683d91ab010d5e85cb61e8f9e7ee0d8eab545bf3dd50a9618f1d0e8f615e"
            ],
            "markers": "python_version >= '3.7'",
            "version": "==3.4.0"
        },
        "imageio": {
            "hashes": [
                "sha256:c9763e5c187ecf74091c845626b0bdcc6130a20a0de7a86ae0108e2b5335ed3f",
                "sha256:f44eb231b9df485874f2ffd22dfd0c3c711e7de076516b9374edea5c65bc67ae"
            ],
            "index": "pypi",
            "version": "==2.6.1"
        },
        "importlib-metadata": {
            "hashes": [
                "sha256:b618b6d2d5ffa2f16add5697cf57a46c76a56229b0ed1c438322e4e95645bd15",
                "sha256:f284b3e11256ad1e5d03ab86bb2ccd6f5339688ff17a4d797a0fe7df326f23b1"
            ],
            "markers": "python_version < '3.8'",
            "version": "==4.8.1"
        },
        "keras-applications": {
            "hashes": [
                "sha256:5579f9a12bcde9748f4a12233925a59b93b73ae6947409ff34aa2ba258189fe5",
                "sha256:df4323692b8c1174af821bf906f1e442e63fa7589bf0f1230a0b6bdc5a810c95"
            ],
            "version": "==1.0.8"
        },
        "keras-preprocessing": {
            "hashes": [
                "sha256:7b82029b130ff61cc99b55f3bd27427df4838576838c5b2f65940e4fcec99a7b",
                "sha256:add82567c50c8bc648c14195bf544a5ce7c1f76761536956c3d2978970179ef3"
            ],
            "version": "==1.1.2"
        },
        "markdown": {
            "hashes": [
                "sha256:31b5b491868dcc87d6c24b7e3d19a0d730d59d3e46f4eea6430a321bed387a49",
                "sha256:96c3ba1261de2f7547b46a00ea8463832c921d3f9d6aba3f255a6f71386db20c"
            ],
            "markers": "python_version >= '3.6'",
            "version": "==3.3.4"
        },
        "matplotlib": {
            "hashes": [
                "sha256:1fbcbac5c3d90ce233fbb371bb49a8c2da43f54e20d196406cf37843e24582c3",
                "sha256:23af332bea034f1f69086637d550d9a6717b09f2030a4c5094eb82d6fda9b0de",
                "sha256:29f6b1351560af1ea34986b327328ccc382050748a4540ac11541419e1922b53",
                "sha256:2fb6ec96e4e851f537e81a3586e9bd8f1c3fd3af6696fa24e191fb5dfec326fa",
                "sha256:576867bdf33bfa7f6e161f1b44184bc220afa24aa67f383a3996a1ca3eea5d9c",
                "sha256:683b586474c0337c8303f41941417fa8c334626d42f19282c476065ce0a96b1c",
                "sha256:6c284651db271821158d7d1fb029945371eaec79dbfa29fd7e93de79d1f52d79",
                "sha256:713b0e6eb876070832f7102b27bb4ff867eba54d8aca5116b81af11e39f6c0b2",
                "sha256:74200cb3fde281d772bbe0f7c9b8efb3d7b1faa77b1709d838e187b3b4fdf50d",
                "sha256:743e6f7bc75bdc18b49fcafd00539c7bb18babb3abd9d0d8eda2038643f6dc86",
                "sha256:74daa74d6f4989c99c87070fbc8348309fef6ea43a4214e2d5dd92479f80825e",
                "sha256:7fb9616444b876c2c964d0d90597e3fb717cb0ff0a4b478199fe39041ef78ccd",
                "sha256:86156ce9ce01977b6a02bd8e5680ad5a8811d06375ac186ec69aae346136ffd8",
                "sha256:98e7a6cc386e4c04b3340a2641376fe779621303c2802ef385fca3289dcd0e16",
                "sha256:a0a5dc39f785014f2088fed2c6d2d129f0444f71afbb9c44f7bdf1b14d86ebbc",
                "sha256:ad635db9def26a514337aac719ed74f5064bd36d552cb8d547e18335da26af85",
                "sha256:c1abc3521645d89d61ca7c7bc5aaf0cd4623b36890d4d7a7c1388f1f334db6af",
                "sha256:cf42c86fc1243e8f7d0430225319adf31499d80d2fb4e225d451f85db3e23d6a",
                "sha256:eff5bc7f02b7c1afc2a36f83af10c3d6bdac8fc07d1dfc01e48d04e46720f8b9",
                "sha256:f094e9e19973c371c56ab43a53ab1624edd96101ff407f9230401a503c877c44",
                "sha256:fab31bc9aa99b634471807d79f019cd12b8bab99f16b2575d8fc04229d66f168"
            ],
            "index": "pypi",
            "version": "==1.5.3"
        },
        "numpy": {
            "hashes": [
                "sha256:00a458d6821b1e87be873f2126d5646b901047a7480e8ae9773ecf214f0e19f3",
                "sha256:0470c5dc32212a08ebc2405f32e8ceb9a5b1c8ac61a2daf9835ec0856a220495",
                "sha256:24a9c287a4a1c427c2d45bf7c4fc6180c52a08fa0990d4c94e4c86a9b1e23ba5",
                "sha256:25600e8901012180a1b7cd1ac3e27e7793586ecd432383191929ac2edf37ff5d",
                "sha256:2d279bd99329e72c30937bdef82b6dc7779c7607c5a379bab1bf76be1f4c1422",
                "sha256:32af2bcf4bb7631dac19736a6e092ec9715e770dcaa1f85fcd99dec5040b2a4d",
                "sha256:3e90a9fce378114b6c2fc01fff7423300515c7b54b7cc71b02a22bc0bd7dfdd8",
                "sha256:5774d49516c37fd3fc1f232e033d2b152f3323ca4c7bfefd7277e4c67f3c08b4",
                "sha256:64ff21aac30d40c20ba994c94a08d439b8ced3b9c704af897e9e4ba09d10e62c",
                "sha256:803b2af862dcad6c11231ea3cd1015d1293efd6c87088be33d713a9b23e9e419",
                "sha256:95c830b09626508f7808ce7f1344fb98068e63143e6050e5dc3063142fc60007",
                "sha256:96e49a0c82b4e3130093002f625545104037c2d25866fa2e0c90d6e54f5a1fbc",
                "sha256:a1dd8221f0e69038748f47b8bb3248d0b9ecdf13fe837440951c3d5ff72639bb",
                "sha256:a80ecac5664f420556a725a5646f2d1c60a7c0489d68a38b5056393e949e27ac",
                "sha256:b19a47ff1bd2fca0cacdfa830c967746764c32dca6a0c0328d9c893f4bfe2f6b",
                "sha256:be43df2c563e264b38e3318574d80fc8f365df3fb745270934d2dbe54e006f41",
                "sha256:c40cb17188f6ae3c5b6efc6f0fd43a7ddd219b7807fe179e71027849a9b91afc",
                "sha256:c6251e0f0ecac53ba2b99d9f0cc16fa9021914a78869c38213c436ba343641f0",
                "sha256:cb189bd98b2e7ac02df389b6212846ab20661f4bafe16b5a70a6f1728c1cc7cb",
                "sha256:ef4ae41add536cb825d8aa029c15ef510aead06ea5b68daea64f0b9ecbff17db",
                "sha256:f00a2c21f60284e024bba351875f3501c6d5817d64997a0afe4f4355161a8889",
                "sha256:f1232f98a6bbd6d1678249f94028bccc541bbc306aa5c4e1471a881b0e5a3409",
                "sha256:fea682f6ddc09517df0e6d5caad9613c6d91a42232aeb082df67e4d205de19cc"
            ],
            "index": "pypi",
            "version": "==1.16.0"
        },
        "opencv-python": {
            "hashes": [
                "sha256:0f2e739c582e8c5e432130648bc6d66a56bc65f4cd9ff0bc7033033d2130c7a3",
                "sha256:0f3d159ad6cb9cbd188c726f87485f0799a067a0a15f34c25d7b5c8db3cb2e50",
                "sha256:167a6aff9bd124a3a67e0ec25d0da5ecdc8d96a56405e3e5e7d586c4105eb1bb",
                "sha256:1b90d50bc7a31e9573a8da1b80fcd1e4d9c86c0e5f76387858e1b87eb8b0332b",
                "sha256:2baf1213ae2fd678991f905d7b2b94eddfdfb5f75757db0f0b31eebd48ca200d",
                "sha256:312dda54c7e809c20d7409418060ae0e9cdbe82975e7ced429eb3c234ffc0d4a",
                "sha256:32384e675f7cefe707cac40a95eeb142d6869065e39c5500374116297cd8ca6d",
                "sha256:5c50634dd8f2f866fd99fd939292ce10e52bef82804ebc4e7f915221c3b7e951",
                "sha256:6841bb9cc24751dbdf94e7eefc4e6d70ec297952501954471299fd12ab67391c",
                "sha256:68c1c846dd267cd7e293d3fc0bb238db0a744aa1f2e721e327598f00cb982098",
                "sha256:703910aaa1dcd25a412f78a190fb7a352d9a64ee7d9a35566d786f3cc66ebf20",
                "sha256:8002959146ed21959e3118c60c8e94ceac02eea15b691da6c62cff4787c63f7f",
                "sha256:889eef049d38488b5b4646c48a831feed37c0fd44f3d83c05cff80f4baded145",
                "sha256:8c76983c9ec3e4cf3a4c1d172ec4285332d9fb1c7194d724aff0c518437471ee",
                "sha256:9cd9bd72f4a9743ef6f11f0f96784bd215a542e996db1717d4c2d3d03eb81a1b",
                "sha256:a1a5517301dc8d56243a14253d231ec755b94486b4fff2ae68269bc941bb1f2e",
                "sha256:a2b08aec2eacae868723136383d9eb84a33062a7a7ec5ec3bd2c423bd1355946",
                "sha256:a8529a79233f3581a66984acd16bce52ab0163f6f77568dd69e9ee4956d2e1db",
                "sha256:afbc81a3870739610a9f9a1197374d6a45892cf1933c90fc5617d39790991ed3",
                "sha256:baeb5dd8b21c718580687f5b4efd03f8139b1c56239cdf6b9805c6946e80f268",
                "sha256:db1d49b753e6e6c76585f21d09c7e9812176732baa9bddb64bc2fc6cd24d4179",
                "sha256:e242ed419aeb2488e0f9ee6410a34917f0f8d62b3ae96aa3170d83bae75004e2",
                "sha256:e36a8857be2c849e54009f1bee25e8c34fbc683fcd38c6c700af4cba5f8d57c2",
                "sha256:e699232fd033ef0053efec2cba0a7505514f374ba7b18c732a77cb5304311ef9",
                "sha256:eae3da9231d87980f8082d181c276a04f7a6fdac130cebd467390b96dd05f944",
                "sha256:ee6814c94dbf1cae569302afef9dd29efafc52373e8770ded0db549a3b6e0c00",
                "sha256:f01a87a015227d8af407161eb48222fc3c8b01661cdc841e2b86eee4f1a7a417"
            ],
            "index": "pypi",
            "version": "==4.2.0.32"
        },
        "opt-einsum": {
            "hashes": [
                "sha256:2455e59e3947d3c275477df7f5205b30635e266fe6dc300e3d9f9646bfcea147",
                "sha256:59f6475f77bbc37dcf7cd748519c0ec60722e91e63ca114e68821c0c54a46549"
            ],
            "markers": "python_version >= '3.5'",
            "version": "==3.3.0"
        },
        "pillow": {
            "hashes": [
                "sha256:0a628977ac2e01ca96aaae247ec2bd38e729631ddf2221b4b715446fd45505be",
                "sha256:4d9ed9a64095e031435af120d3c910148067087541131e82b3e8db302f4c8946",
                "sha256:54ebae163e8412aff0b9df1e88adab65788f5f5b58e625dc5c7f51eaf14a6837",
                "sha256:5bfef0b1cdde9f33881c913af14e43db69815c7e8df429ceda4c70a5e529210f",
                "sha256:5f3546ceb08089cedb9e8ff7e3f6a7042bb5b37c2a95d392fb027c3e53a2da00",
                "sha256:5f7ae9126d16194f114435ebb79cc536b5682002a4fa57fa7bb2cbcde65f2f4d",
                "sha256:62a889aeb0a79e50ecf5af272e9e3c164148f4bd9636cc6bcfa182a52c8b0533",
                "sha256:7406f5a9b2fd966e79e6abdaf700585a4522e98d6559ce37fc52e5c955fade0a",
                "sha256:8453f914f4e5a3d828281a6628cf517832abfa13ff50679a4848926dac7c0358",
                "sha256:87269cc6ce1e3dee11f23fa515e4249ae678dbbe2704598a51cee76c52e19cda",
                "sha256:875358310ed7abd5320f21dd97351d62de4929b0426cdb1eaa904b64ac36b435",
                "sha256:8ac6ce7ff3892e5deaab7abaec763538ffd011f74dc1801d93d3c5fc541feee2",
                "sha256:91b710e3353aea6fc758cdb7136d9bbdcb26b53cefe43e2cba953ac3ee1d3313",
                "sha256:9d2ba4ed13af381233e2d810ff3bab84ef9f18430a9b336ab69eaf3cd24299ff",
                "sha256:a62ec5e13e227399be73303ff301f2865bf68657d15ea50b038d25fc41097317",
                "sha256:ab76e5580b0ed647a8d8d2d2daee170e8e9f8aad225ede314f684e297e3643c2",
                "sha256:bf4003aa538af3f4205c5fac56eacaa67a6dd81e454ffd9e9f055fff9f1bc614",
                "sha256:bf598d2e37cf8edb1a2f26ed3fb255191f5232badea4003c16301cb94ac5bdd0",
                "sha256:c18f70dc27cc5d236f10e7834236aff60aadc71346a5bc1f4f83a4b3abee6386",
                "sha256:c5ed816632204a2fc9486d784d8e0d0ae754347aba99c811458d69fcdfd2a2f9",
                "sha256:dc058b7833184970d1248135b8b0ab702e6daa833be14035179f2acb78ff5636",
                "sha256:ff3797f2f16bf9d17d53257612da84dd0758db33935777149b3334c01ff68865"
            ],
            "index": "pypi",
            "version": "==7.0.0"
        },
        "protobuf": {
            "hashes": [
                "sha256:0851b5b89191e1976d34fa2e8eb8659829dfb45252053224cf9df857fb5f6a45",
                "sha256:09d9268f6f9da81b7657adcf2fb397524c82f20cdf9e0db3ff4e7567977abd67",
                "sha256:10544fc7ace885a882623083c24da5b14148c77563acddc3c58d66f6153c09cd",
                "sha256:1c9bb40503751087300dd12ce2e90899d68628977905c76effc48e66d089391e",
                "sha256:387f621bf7295a331f8c8a6962d097ceddeb85356792888cfa6a5c6bfc6886a4",
                "sha256:3c1644f8a7f19b45c7a4c32278e2a55ae9e7e2f9e5f02d960a61f04a4890d3e6",
                "sha256:4d19c9cb805fd2be1d59eee39e152367ee92a30167e77bd06c8819f8f0009a4c",
                "sha256:61ca58e14033ca0dfa484a31d57237c1be3b6013454c7f53876a20fc88dd69b1",
                "sha256:6f714f5de9d40b3bec90ede4a688cce52f637ccdc5403afcda1f67598f4fdcd7",
                "sha256:7a7be937c319146cc9f2626f0181e6809062c353e1fe449ecd0df374ba1036b2",
                "sha256:7e2f0677d68ecdd1cfda2abea65873f5bc7c3f5aae199404a3f5c1d1198c1a63",
                "sha256:8c1c5d3966c856f60a9d8d62f4455d70c31026422acdd5c228edf22b65b16c38",
                "sha256:93bad12895d8b0ebc66b605c2ef1802311595f881aef032d9f13282b7550e6b2",
                "sha256:c0e2790c580070cff2921b93d562539ae027064340151c50db6aaf94c33048cd",
                "sha256:c492c217d3f69f4d2d5619571e52ab98538edbf53caf67e53ea92bd0a3b5670f",
                "sha256:d6d927774c0ec746fed15a4faff5f44aad0b7a3421fadb6f3ae5ca1f2f8ae26e",
                "sha256:d76201380f41a2d83fb613a4683059d1fcafbe969518b3e409e279a8788fde2f",
                "sha256:e2ee8b11e3eb2ed38f12137c3c132270a0b1dd509e317228ac47b67f21a583f1",
                "sha256:e9ac691f7b24e4371dcd3980e4f5d6c840a2010da37986203053fee995786ec5",
                "sha256:f20f803892f2135e8b96dc58c9a0c6a7ad8436794bf8784af229498d939b4c77",
                "sha256:fa6d1049d5315566f55c04d0b50c0033415144f96a9d25c820dc542fe2bb7f45"
            ],
            "markers": "python_version >= '3.5'",
            "version": "==3.18.1"
        },
        "pyparsing": {
            "hashes": [
                "sha256:c203ec8783bf771a155b207279b9bccb8dea02d8f0c9e5f8ead507bc3246ecc1",
                "sha256:ef9d7589ef3c200abe66653d3f1ab1033c3c419ae9b9bdb1240a85b024efc88b"
            ],
            "markers": "python_version >= '2.6' and python_version not in '3.0, 3.1, 3.2, 3.3'",
            "version": "==2.4.7"
        },
        "python-dateutil": {
            "hashes": [
                "sha256:0123cacc1627ae19ddf3c27a5de5bd67ee4586fbdd6440d9748f8abb483d3e86",
                "sha256:961d03dc3453ebbc59dbdea9e4e11c5651520a876d0f4db161e8674aae935da9"
            ],
            "markers": "python_version >= '2.7' and python_version not in '3.0, 3.1, 3.2, 3.3'",
            "version": "==2.8.2"
        },
        "pytz": {
            "hashes": [
                "sha256:3672058bc3453457b622aab7a1c3bfd5ab0bdae451512f6cf25f64ed37f5b87c",
                "sha256:acad2d8b20a1af07d4e4c9d2e9285c5ed9104354062f275f3fcd88dcef4f1326"
            ],
            "version": "==2021.3"
        },
        "scipy": {
            "hashes": [
                "sha256:02cb79ea38114dc480e9b08d6b87095728e8fb39b9a49b449ee443d678001611",
                "sha256:03c827cdbc584e935264040b958e5fa0570a16095bee23a013482ba3f0e963a2",
                "sha256:04f2b23258139c109d0524f111597dd095a505d9cb2c71e381d688d653877fa3",
                "sha256:3132a9fab3f3545c8b0ba15688d11857efdd4a58d388d3785dc474f56fea7138",
                "sha256:4b1f0883cb9d8ee963cf0a31c87341e9e758abb2cf1e5bcc0d7b066ef6b17573",
                "sha256:4cce25c6e7ff7399c67dfe1b5423c36c391cf9b4b2be390c1675ab410f1ef503",
                "sha256:51a2424c8ed80e60bdb9a896806e7adaf24a58253b326fbad10f80a6d06f2214",
                "sha256:5706b785ca289fdfd91aa05066619e51d140613b613e35932601f2315f5d8470",
                "sha256:58f0435f052cb60f1472c77f52a8f6642f8877b70559e5e0b9a1744f33f5cbe5",
                "sha256:63e1d5ca9e5e1984f1a275276991b036e25d39d37dd7edbb3f4f6165c2da7dbb",
                "sha256:64b2c35824da3ef6bb1e722216e4ef28802af6413c7586136500e343d34ba179",
                "sha256:6f791987899532305126309578727c0197bddbafab9596bafe3e7bfab6e1ce13",
                "sha256:72bd766f753fd32f072d30d7bc2ad492d56dbcbf3e13764e27635d5c41079339",
                "sha256:7413080b381766a22d52814edb65631f0e323a7cea945c70021a672f38acc73f",
                "sha256:78a67ee4845440e81cfbfabde20537ca12051d0eeac951fe4c6d8751feac3103",
                "sha256:7994c044bf659b0a24ad7673ec7db85c2fadb87e4980a379a9fd5b086fe3649a",
                "sha256:7dc4002f0a0a688774ef04878afe769ecd1ac21fe9b4b1d7125e2cf16170afd3",
                "sha256:854bd87cc23824d5db4983956bc30f3790e1c7448f1a9e6a8fb7bff7601aef87",
                "sha256:8608316d0cc01f8b25111c8adfe6efbc959cbba037a62c784551568d7ffbf280",
                "sha256:8f5fcc87b48fc3dd6d901669c89af4feeb856dffb6f671539a238b7e8af1799c",
                "sha256:937147086e8b4338bf139ca8fa98da650e3a46bf2ca617f8e9dd68c3971ec420",
                "sha256:bc294841f6c822714af362095b181a853f47ed5ce757354bd2e4776d579ff3a4",
                "sha256:bc6a88b0009a1b60eab5c22ac3a006f6968d6328de10c6a64ebb0d64a05548d3",
                "sha256:c5eae911cf26b3c7eda889ec98d3c226f312c587acfaaf02602473f98b4c16d6",
                "sha256:cca33a01a5987c650b87a1a910aa311ffa44e67cca1ff502ef9efdae5d9a8624",
                "sha256:d1ae77b79fd5e27a10ba7c4e7c3a62927b9d29a4dccf28f6905c25d983aaf183",
                "sha256:fb36064047e6bf87b6320a9b6eb7f525ef6863c7a4aef1a84a4bbfb043612617",
                "sha256:fc1a19d95649439dbd50baca676bceb29bbfcd600aed2c5bd71d9bad82a87cfe"
            ],
            "index": "pypi",
            "version": "==1.2"
        },
        "six": {
            "hashes": [
                "sha256:1e61c37477a1626458e36f7b1d82aa5c9b094fa4802892072e49de9c60c4c926",
                "sha256:8abb2f1d86890a2dfb989f9a77cfcfd3e47c2a354b01111771326f8aa26e0254"
            ],
            "markers": "python_version >= '2.7' and python_version not in '3.0, 3.1, 3.2, 3.3'",
            "version": "==1.16.0"
        },
        "tensorboard": {
            "hashes": [
                "sha256:4cad2c65f6011e51609b463014c014fd7c6ddd9c1263af1d4f18dd97ed88c2bc",
                "sha256:612b789386aa1b2c4804e1961273b37f8e4dd97613f98bc90ff0402d24627f50"
            ],
            "markers": "python_version >= '2.7' and python_version not in '3.0, 3.1, 3.2, 3.3'",
            "version": "==1.15.0"
        },
        "tensorflow": {
            "hashes": [
                "sha256:0a01def34c28298970dc83776dd43877fd59e43fddd8e960d01b6eb849ba9938",
                "sha256:1afb2e573fe666eb0dd6a45dbb7679de622a318fcc1fc401fb7819068f2d858b",
                "sha256:20bbda24b022c7cedd569bb36a6d620b68e0ea37afc91645c918971c72881388",
                "sha256:26b86d32f20dba79da30cb87d67a708678cc6c47f6e596c8783433e282e91f00",
                "sha256:5910cdde20a9143760d3b49f6d03a6a09ab5221e2f871eb51dbd422b80da07fc",
                "sha256:6265f7d86a66754b875e252effa01f7d54aa4464df3b71182d4be8b269b8a148",
                "sha256:79fbb4a38c6e6417d5eef8ccae00b16053750c5d61092ec7caabe4cea6870dc2",
                "sha256:8e4bb1c361a9b350497741c1d0a556d9592b5ce52c9b073d88dd053c182f3d15",
                "sha256:a214d7bbdae4093bab9a4c582bbf9c4464274cc9db99f94bb42b88c5c961a452",
                "sha256:af57e0e16adb4d6ccd387954c1d70e34cc4925b74da9135d2b83ca7d3dd9d102",
                "sha256:d1694e25887bc0d0c31d6c7d9c92c8bf9e0499085c7e5a9dbaacf675c44027a8"
            ],
            "index": "pypi",
            "version": "==1.15"
        },
        "tensorflow-estimator": {
            "hashes": [
                "sha256:8853bfb7c3c96fbdc80b3d66c37a10af6ccbcd235dc87474764270c02a0f86b9"
            ],
            "version": "==1.15.1"
        },
        "termcolor": {
            "hashes": [
                "sha256:1d6d69ce66211143803fbc56652b41d73b4a400a2891d7bf7a1cdf4c02de613b"
            ],
            "version": "==1.1.0"
        },
        "typing-extensions": {
            "hashes": [
                "sha256:49f75d16ff11f1cd258e1b988ccff82a3ca5570217d7ad8c5f48205dd99a677e",
                "sha256:d8226d10bc02a29bcc81df19a26e56a9647f8b0a6d4a83924139f4a8b01f17b7",
                "sha256:f1d25edafde516b146ecd0613dabcc61409817af4766fbbcfb8d1ad4ec441a34"
            ],
            "markers": "python_version < '3.8'",
            "version": "==3.10.0.2"
        },
        "werkzeug": {
            "hashes": [
                "sha256:63d3dc1cf60e7b7e35e97fa9861f7397283b75d765afcaefd993d6046899de8f",
                "sha256:aa2bb6fc8dee8d6c504c0ac1e7f5f7dc5810a9903e793b6f715a9f015bdadb9a"
            ],
            "markers": "python_version >= '3.6'",
            "version": "==2.0.2"
        },
        "wheel": {
            "hashes": [
                "sha256:21014b2bd93c6d0034b6ba5d35e4eb284340e09d63c59aef6fc14b0f346146fd",
                "sha256:e2ef7239991699e3355d54f8e968a21bb940a1dbf34a4d226741e64462516fad"
            ],
            "markers": "python_version >= '3'",
            "version": "==0.37.0"
        },
        "wrapt": {
            "hashes": [
                "sha256:04312fbf51e9dd15261228e6b4bed0c0ed5723ccf986645d2c7308511dccba35",
                "sha256:04a00cef5d1b9e0e8db997816437b436e859106283c4771a40c4de4759344765",
                "sha256:0b2cbe418beeff3aadb3afc39a67d3f5f6a3eb020ceb5f2bcf56bef14b33629a",
                "sha256:19b2c992668c9ca764899bae52987a04041ebc21859d2646db0b27e089c2fd6b",
                "sha256:1b46e4fe0f9efbfaf1ee82fc79f9cb044c69b67b181c58370440d396fe40736e",
                "sha256:21c1710f61aa95b4be83a32b6d6facbb0efdfac22dee65e1caa72a83deed7cda",
                "sha256:2d18618440df6bc072762625e9c843d32a7328347c321b89f8df3a7c4a72ce6c",
                "sha256:2f6fbea8936ba862425664fc689182a8ef50a6d88cd49f3cd073eccd3e78c930",
                "sha256:3658ae9c704906cab5865a00c1aa9e1fd3555074d1a4462fa1742d7fea8260ae",
                "sha256:3816922f0941f1637869a04e25d1e5261dfa55cc6b39c73872cbf192ea562443",
                "sha256:40fd2cebad4010787de4221ec27a650635eed3e49e4bbfa8244fc34836cc2457",
                "sha256:4f3f99bb8eed5d394bbb898c5191ed91ebf21187d52b2c45895733ae2798f373",
                "sha256:5dc6c8cfaf4ff2a4632f8f97d29f555d6951eb0f905d3d47b3fd69bddb653214",
                "sha256:6aa687da5565674c9696fafd2b8d44a04fb697ec2431af21c3def9cbedc4082a",
                "sha256:6b81913fdba96e286f0c6007eb61f0158e64a1941bfc72fee61b34a4f8f9877f",
                "sha256:6c241b4ef0744590ae0ee89305743977e478200cff961bdcc6b3d0530aea3377",
                "sha256:77fef0bfdc612f5f30e43392a9f67dddaf4f48f299421bf25f910d0f47173f3d",
                "sha256:7929ce97be2f7c49f454a6f8e014225e53cc3767fe48cce94b188de2225232ac",
                "sha256:8055f8cc9a80dc1db01f31af6399b83f597ec164f07b7251d2a1bf1c6c025190",
                "sha256:836c73f53a0cefc7ba10c6f4a0d78894cb4876f56035fe500b029e0a1ae0ffe9",
                "sha256:8a184c655bb41295a9b0c28745a1b762c0c86025e43808b7e814f9cedc6c563d",
                "sha256:8a6ba1b00d07f5a90a2d2eb1804a42e2067a6145b7745a8297664a75a8a232ba",
                "sha256:909a80ce028821c7ad01bdcaa588126825931d177cdccd00b3545818d4a195ce",
                "sha256:947a8d9d7829364e11eca88af18394713c8f98571cbc672b12545977d837f054",
                "sha256:95c9fcfc326fdd3e2fd264e808f6474ca7ffd253feb3a505ee5ceb4d78216ef7",
                "sha256:972099fa9cf4e43c255701c78ec5098c2fec4d6ea669a110b3414a158e772b0a",
                "sha256:97f016514ceac524832e7d1bd41cf928b992ebe0324d59736f84ad5f4bbe0632",
                "sha256:9d200716eb4bb1d73f47f3ccc4f98fdf979dcc82d752183828f1be2e332b6874",
                "sha256:9f839c47698052ef5c2c094e21f8a06d0828aebe52d20cdb505faa318c62e886",
                "sha256:aa637733f1d599077522f6a1f0c6c40389aa90a44cba37afcefef26f8e53d28f",
                "sha256:b0eed9b295039a619f64667f27cffbffcfc0559073d562700912ca6266bc8b28",
                "sha256:b1137e6aef3ac267c2af7d3af0266ef3f8dd1e5cde67b8eac9fa3b94e7fa0ada",
                "sha256:b41ce8ee3825634e67883dd4dab336f95d0cc9d223fb7e224dcd36d66af93694",
                "sha256:bc42803987eb46b5fc67ec9a072df15a72ee9db61e3b7dd955d82581bf141f60",
                "sha256:bd705e341baccc3d1ef20e790b1f6383bd4ae92a77ba87a86ece8189fab8793c",
                "sha256:c803526c0d3fa426e06de379b4eb56102234f2dc3c3a24a500d7962a83ca6166",
                "sha256:cb0b12b365b054bee2a53078a67df81781be0686cc3f3ab8bbdd16b2e188570a",
                "sha256:d0ae90fd60c7473e437b0dd48ae323c11f631fe47c243056f9e7505d26e8e2f6",
                "sha256:db0daf2afca9f3b3a76e96ecb5f55ba82615ec584471d7aa27c1bdeb9e3888bb",
                "sha256:e2eb4f38441b56698b4d40d48fd331e4e8a0477264785d08cbced63813d4bd29",
                "sha256:e5a0727ea56de6e9a17693589bcf913d6bf1ec49f12d4671993321f3325fda4f",
                "sha256:ec803c9d6e4ce037201132d903ff8b0dd26c9688be50ce4c77c420c076e78ff7",
                "sha256:f1e2cea943192e24070b65bda862901c02bdf7c6abcd66ef5381ad6511921067",
                "sha256:f4377eda306b488255ea4336662cd9015a902d6dc2ed77a3e4c1e3b42387453a",
                "sha256:fd5320bf61a2e8d3b46d9e183323293c9a695df8f38c98d17c45e1846758f9a9"
            ],
            "markers": "python_version >= '2.7' and python_version not in '3.0, 3.1, 3.2, 3.3, 3.4'",
            "version": "==1.13.1"
        },
        "zipp": {
            "hashes": [
                "sha256:71c644c5369f4a6e07636f0aa966270449561fcea2e3d6747b8d23efaa9d7832",
                "sha256:9fe5ea21568a0a70e50f273397638d39b03353731e6cbbb3fd8502a33fec40bc"
            ],
            "markers": "python_version >= '3.6'",
            "version": "==3.6.0"
        }
    },
    "develop": {}
}
